
Microsoft Visual Studio Solution File, Format Version 12.00
# Visual Studio Version 17
VisualStudioVersion = 17.0.32112.339
MinimumVisualStudioVersion = 10.0.40219.1
Project("{FAE04EC0-301F-11D3-BF4B-00C04F79EFBC}") = "EmployeePayrollServices", "EmployeePayrollServices\EmployeePayrollServices.csproj", "{11351935-2881-476B-A54E-1BC40C0B097D}"
EndProject
Global
	GlobalSection(SolutionConfigurationPlatforms) = preSolution
		Debug|Any CPU = Debug|Any CPU
		Release|Any CPU = Release|Any CPU
	EndGlobalSection
	GlobalSection(ProjectConfigurationPlatforms) = postSolution
		{11351935-2881-476B-A54E-1BC40C0B097D}.Debug|Any CPU.ActiveCfg = Debug|Any CPU
		{11351935-2881-476B-A54E-1BC40C0B097D}.Debug|Any CPU.Build.0 = Debug|Any CPU
		{11351935-2881-476B-A54E-1BC40C0B097D}.Release|Any CPU.ActiveCfg = Release|Any CPU
		{11351935-2881-476B-A54E-1BC40C0B097D}.Release|Any CPU.Build.0 = Release|Any CPU
	EndGlobalSection
	GlobalSection(SolutionProperties) = preSolution
		HideSolutionNode = FALSE
	EndGlobalSection
	GlobalSection(ExtensibilityGlobals) = postSolution
		SolutionGuid = {4B6DB169-C9D0-4C66-AAD5-02CC8256E1CD}
	EndGlobalSection
EndGlobal
